
Microsoft Visual Studio Solution File, Format Version 12.00
# Visual Studio Version 16
VisualStudioVersion = 16.0.31112.23
MinimumVisualStudioVersion = 10.0.40219.1
Project("{FAE04EC0-301F-11D3-BF4B-00C04F79EFBC}") = "AspNetMvcDemoMa", "AspNetMvcDemoMa\AspNetMvcDemoMa.csproj", "{9C9F41A9-4BA2-4AB9-9BC4-703864B6BF9F}"
EndProject
Global
	GlobalSection(SolutionConfigurationPlatforms) = preSolution
		Debug|Any CPU = Debug|Any CPU
		Release|Any CPU = Release|Any CPU
	EndGlobalSection
	GlobalSection(ProjectConfigurationPlatforms) = postSolution
		{9C9F41A9-4BA2-4AB9-9BC4-703864B6BF9F}.Debug|Any CPU.ActiveCfg = Debug|Any CPU
		{9C9F41A9-4BA2-4AB9-9BC4-703864B6BF9F}.Debug|Any CPU.Build.0 = Debug|Any CPU
		{9C9F41A9-4BA2-4AB9-9BC4-703864B6BF9F}.Release|Any CPU.ActiveCfg = Release|Any CPU
		{9C9F41A9-4BA2-4AB9-9BC4-703864B6BF9F}.Release|Any CPU.Build.0 = Release|Any CPU
	EndGlobalSection
	GlobalSection(SolutionProperties) = preSolution
		HideSolutionNode = FALSE
	EndGlobalSection
	GlobalSection(ExtensibilityGlobals) = postSolution
		SolutionGuid = {F2D7E138-8280-40CB-8078-284F2EB034C7}
	EndGlobalSection
EndGlobal
